
Microsoft Visual Studio Solution File, Format Version 12.00
# Visual Studio Version 16
VisualStudioVersion = 16.0.32228.343
MinimumVisualStudioVersion = 10.0.40219.1
Project("{FAE04EC0-301F-11D3-BF4B-00C04F79EFBC}") = "Class_Ornek_202051502029", "Class_Ornek_202051502029\Class_Ornek_202051502029.csproj", "{8035AC79-6752-4FF6-B83A-B75EA01C155C}"
EndProject
Global
	GlobalSection(SolutionConfigurationPlatforms) = preSolution
		Debug|Any CPU = Debug|Any CPU
		Release|Any CPU = Release|Any CPU
	EndGlobalSection
	GlobalSection(ProjectConfigurationPlatforms) = postSolution
		{8035AC79-6752-4FF6-B83A-B75EA01C155C}.Debug|Any CPU.ActiveCfg = Debug|Any CPU
		{8035AC79-6752-4FF6-B83A-B75EA01C155C}.Debug|Any CPU.Build.0 = Debug|Any CPU
		{8035AC79-6752-4FF6-B83A-B75EA01C155C}.Release|Any CPU.ActiveCfg = Release|Any CPU
		{8035AC79-6752-4FF6-B83A-B75EA01C155C}.Release|Any CPU.Build.0 = Release|Any CPU
	EndGlobalSection
	GlobalSection(SolutionProperties) = preSolution
		HideSolutionNode = FALSE
	EndGlobalSection
	GlobalSection(ExtensibilityGlobals) = postSolution
		SolutionGuid = {1EF7D2F0-4AF6-4F90-8D3F-76E65AA4642C}
	EndGlobalSection
EndGlobal
